
Microsoft Visual Studio Solution File, Format Version 12.00
# Visual Studio Version 16
VisualStudioVersion = 16.0.30204.135
MinimumVisualStudioVersion = 10.0.40219.1
Project("{2150E333-8FDC-42A3-9474-1A3956D46DE8}") = "Solution Items", "Solution Items", "{CE660F4C-5031-40BC-B9FE-25F3F77F3716}"
	ProjectSection(SolutionItems) = preProject
		Readme.txt = Readme.txt
	EndProjectSection
EndProject
Project("{9A19103F-16F7-4668-BE54-9A1E7A4F7556}") = "MontyHallAPI", "MontyHallAPI\MontyHallAPI.csproj", "{445E6BB6-760D-4191-AF0C-B257CB54CCA4}"
EndProject
Project("{9A19103F-16F7-4668-BE54-9A1E7A4F7556}") = "APIGateway", "APIGateway\APIGateway.csproj", "{6089C575-6C74-4090-B1DB-20BC28558320}"
EndProject
Project("{E53339B2-1760-4266-BCC7-CA923CBCF16C}") = "docker-compose", "docker-compose.dcproj", "{0D3B605C-65FA-4695-90AA-D6833BDE93FF}"
EndProject
Project("{9A19103F-16F7-4668-BE54-9A1E7A4F7556}") = "AuthServer", "AuthServer\AuthServer.csproj", "{04E193D6-72E4-4FCE-9CC8-F6C479E2EA50}"
EndProject
Project("{FAE04EC0-301F-11D3-BF4B-00C04F79EFBC}") = "ClientWebApplication", "ClientWebApplication\ClientWebApplication.csproj", "{B5F53983-7CA2-4C21-9F7B-195071C0990A}"
EndProject
Project("{FAE04EC0-301F-11D3-BF4B-00C04F79EFBC}") = "Common", "Common\Common.csproj", "{DEBCE716-81B3-46E1-A661-179B4225CEB0}"
EndProject
Global
	GlobalSection(SolutionConfigurationPlatforms) = preSolution
		Debug|Any CPU = Debug|Any CPU
		Release|Any CPU = Release|Any CPU
	EndGlobalSection
	GlobalSection(ProjectConfigurationPlatforms) = postSolution
		{445E6BB6-760D-4191-AF0C-B257CB54CCA4}.Debug|Any CPU.ActiveCfg = Debug|Any CPU
		{445E6BB6-760D-4191-AF0C-B257CB54CCA4}.Debug|Any CPU.Build.0 = Debug|Any CPU
		{445E6BB6-760D-4191-AF0C-B257CB54CCA4}.Release|Any CPU.ActiveCfg = Release|Any CPU
		{445E6BB6-760D-4191-AF0C-B257CB54CCA4}.Release|Any CPU.Build.0 = Release|Any CPU
		{6089C575-6C74-4090-B1DB-20BC28558320}.Debug|Any CPU.ActiveCfg = Debug|Any CPU
		{6089C575-6C74-4090-B1DB-20BC28558320}.Debug|Any CPU.Build.0 = Debug|Any CPU
		{6089C575-6C74-4090-B1DB-20BC28558320}.Release|Any CPU.ActiveCfg = Release|Any CPU
		{6089C575-6C74-4090-B1DB-20BC28558320}.Release|Any CPU.Build.0 = Release|Any CPU
		{0D3B605C-65FA-4695-90AA-D6833BDE93FF}.Debug|Any CPU.ActiveCfg = Debug|Any CPU
		{0D3B605C-65FA-4695-90AA-D6833BDE93FF}.Debug|Any CPU.Build.0 = Debug|Any CPU
		{0D3B605C-65FA-4695-90AA-D6833BDE93FF}.Release|Any CPU.ActiveCfg = Release|Any CPU
		{0D3B605C-65FA-4695-90AA-D6833BDE93FF}.Release|Any CPU.Build.0 = Release|Any CPU
		{04E193D6-72E4-4FCE-9CC8-F6C479E2EA50}.Debug|Any CPU.ActiveCfg = Debug|Any CPU
		{04E193D6-72E4-4FCE-9CC8-F6C479E2EA50}.Debug|Any CPU.Build.0 = Debug|Any CPU
		{04E193D6-72E4-4FCE-9CC8-F6C479E2EA50}.Release|Any CPU.ActiveCfg = Release|Any CPU
		{04E193D6-72E4-4FCE-9CC8-F6C479E2EA50}.Release|Any CPU.Build.0 = Release|Any CPU
		{B5F53983-7CA2-4C21-9F7B-195071C0990A}.Debug|Any CPU.ActiveCfg = Debug|Any CPU
		{B5F53983-7CA2-4C21-9F7B-195071C0990A}.Debug|Any CPU.Build.0 = Debug|Any CPU
		{B5F53983-7CA2-4C21-9F7B-195071C0990A}.Release|Any CPU.ActiveCfg = Release|Any CPU
		{B5F53983-7CA2-4C21-9F7B-195071C0990A}.Release|Any CPU.Build.0 = Release|Any CPU
		{DEBCE716-81B3-46E1-A661-179B4225CEB0}.Debug|Any CPU.ActiveCfg = Debug|Any CPU
		{DEBCE716-81B3-46E1-A661-179B4225CEB0}.Debug|Any CPU.Build.0 = Debug|Any CPU
		{DEBCE716-81B3-46E1-A661-179B4225CEB0}.Release|Any CPU.ActiveCfg = Release|Any CPU
		{DEBCE716-81B3-46E1-A661-179B4225CEB0}.Release|Any CPU.Build.0 = Release|Any CPU
	EndGlobalSection
	GlobalSection(SolutionProperties) = preSolution
		HideSolutionNode = FALSE
	EndGlobalSection
	GlobalSection(ExtensibilityGlobals) = postSolution
		SolutionGuid = {0420393D-04A6-4AA1-A3B2-D7272BF84BF0}
	EndGlobalSection
EndGlobal
